
Microsoft Visual Studio Solution File, Format Version 12.00
# Visual Studio Version 17
VisualStudioVersion = 17.0.31903.59
MinimumVisualStudioVersion = 10.0.40219.1
Project("{FAE04EC0-301F-11D3-BF4B-00C04F79EFBC}") = "Prescripto", "Prescripto\Prescripto.csproj", "{D9D6BBE4-0DE1-4392-8B4E-E88A0FACFA48}"
EndProject
Global
	GlobalSection(SolutionConfigurationPlatforms) = preSolution
		Debug|Any CPU = Debug|Any CPU
		Release|Any CPU = Release|Any CPU
	EndGlobalSection
	GlobalSection(ProjectConfigurationPlatforms) = postSolution
		{D9D6BBE4-0DE1-4392-8B4E-E88A0FACFA48}.Debug|Any CPU.ActiveCfg = Debug|Any CPU
		{D9D6BBE4-0DE1-4392-8B4E-E88A0FACFA48}.Debug|Any CPU.Build.0 = Debug|Any CPU
		{D9D6BBE4-0DE1-4392-8B4E-E88A0FACFA48}.Release|Any CPU.ActiveCfg = Release|Any CPU
		{D9D6BBE4-0DE1-4392-8B4E-E88A0FACFA48}.Release|Any CPU.Build.0 = Release|Any CPU
	EndGlobalSection
	GlobalSection(SolutionProperties) = preSolution
		HideSolutionNode = FALSE
	EndGlobalSection
	GlobalSection(ExtensibilityGlobals) = postSolution
		SolutionGuid = {7CDB32A6-FC2D-44C3-91DB-1DE6C1A86125}
	EndGlobalSection
EndGlobal
